
Microsoft Visual Studio Solution File, Format Version 12.00
# Visual Studio Version 17
VisualStudioVersion = 17.2.32616.157
MinimumVisualStudioVersion = 10.0.40219.1
Project("{8BC9CEB8-8B4A-11D0-8D11-00A0C91BC942}") = "CNServer", "CNServer\CNServer.vcxproj", "{EEA1115D-CC5A-47F5-9BE2-41451539888E}"
EndProject
Global
	GlobalSection(SolutionConfigurationPlatforms) = preSolution
		Debug|x64 = Debug|x64
		Debug|x86 = Debug|x86
		Release|x64 = Release|x64
		Release|x86 = Release|x86
	EndGlobalSection
	GlobalSection(ProjectConfigurationPlatforms) = postSolution
		{EEA1115D-CC5A-47F5-9BE2-41451539888E}.Debug|x64.ActiveCfg = Debug|x64
		{EEA1115D-CC5A-47F5-9BE2-41451539888E}.Debug|x64.Build.0 = Debug|x64
		{EEA1115D-CC5A-47F5-9BE2-41451539888E}.Debug|x86.ActiveCfg = Debug|Win32
		{EEA1115D-CC5A-47F5-9BE2-41451539888E}.Debug|x86.Build.0 = Debug|Win32
		{EEA1115D-CC5A-47F5-9BE2-41451539888E}.Release|x64.ActiveCfg = Release|x64
		{EEA1115D-CC5A-47F5-9BE2-41451539888E}.Release|x64.Build.0 = Release|x64
		{EEA1115D-CC5A-47F5-9BE2-41451539888E}.Release|x86.ActiveCfg = Release|Win32
		{EEA1115D-CC5A-47F5-9BE2-41451539888E}.Release|x86.Build.0 = Release|Win32
	EndGlobalSection
	GlobalSection(SolutionProperties) = preSolution
		HideSolutionNode = FALSE
	EndGlobalSection
	GlobalSection(ExtensibilityGlobals) = postSolution
		SolutionGuid = {A9646AE8-6610-4DFD-8D7C-E1A4AF9FB0E7}
	EndGlobalSection
EndGlobal
